
Microsoft Visual Studio Solution File, Format Version 12.00
# Visual Studio Version 16
VisualStudioVersion = 16.0.30413.136
MinimumVisualStudioVersion = 10.0.40219.1
Project("{FAE04EC0-301F-11D3-BF4B-00C04F79EFBC}") = "Calc", "Calc\Calc.csproj", "{95447393-F485-4D8C-97DF-7336207CB638}"
EndProject
Global
	GlobalSection(SolutionConfigurationPlatforms) = preSolution
		Debug|Any CPU = Debug|Any CPU
		Release|Any CPU = Release|Any CPU
	EndGlobalSection
	GlobalSection(ProjectConfigurationPlatforms) = postSolution
		{95447393-F485-4D8C-97DF-7336207CB638}.Debug|Any CPU.ActiveCfg = Debug|Any CPU
		{95447393-F485-4D8C-97DF-7336207CB638}.Debug|Any CPU.Build.0 = Debug|Any CPU
		{95447393-F485-4D8C-97DF-7336207CB638}.Release|Any CPU.ActiveCfg = Release|Any CPU
		{95447393-F485-4D8C-97DF-7336207CB638}.Release|Any CPU.Build.0 = Release|Any CPU
	EndGlobalSection
	GlobalSection(SolutionProperties) = preSolution
		HideSolutionNode = FALSE
	EndGlobalSection
	GlobalSection(ExtensibilityGlobals) = postSolution
		SolutionGuid = {7F92917F-C8F6-49FB-84DC-5B7106B39CED}
	EndGlobalSection
EndGlobal
