
Microsoft Visual Studio Solution File, Format Version 12.00
# Visual Studio Version 16
VisualStudioVersion = 16.0.31410.357
MinimumVisualStudioVersion = 10.0.40219.1
Project("{FAE04EC0-301F-11D3-BF4B-00C04F79EFBC}") = "PersonalSсhreduler", "PersonalShreduler\PersonalSсhreduler.csproj", "{1D0E4C22-CC3B-4C57-B9D2-A6A2117A4747}"
EndProject
Global
	GlobalSection(SolutionConfigurationPlatforms) = preSolution
		Debug|Any CPU = Debug|Any CPU
		Release|Any CPU = Release|Any CPU
	EndGlobalSection
	GlobalSection(ProjectConfigurationPlatforms) = postSolution
		{1D0E4C22-CC3B-4C57-B9D2-A6A2117A4747}.Debug|Any CPU.ActiveCfg = Debug|Any CPU
		{1D0E4C22-CC3B-4C57-B9D2-A6A2117A4747}.Debug|Any CPU.Build.0 = Debug|Any CPU
		{1D0E4C22-CC3B-4C57-B9D2-A6A2117A4747}.Release|Any CPU.ActiveCfg = Release|Any CPU
		{1D0E4C22-CC3B-4C57-B9D2-A6A2117A4747}.Release|Any CPU.Build.0 = Release|Any CPU
	EndGlobalSection
	GlobalSection(SolutionProperties) = preSolution
		HideSolutionNode = FALSE
	EndGlobalSection
	GlobalSection(ExtensibilityGlobals) = postSolution
		SolutionGuid = {BEA5CF67-B726-4560-8AA5-B0C0C77333B1}
	EndGlobalSection
EndGlobal
